
Microsoft Visual Studio Solution File, Format Version 12.00
# Visual Studio Version 17
VisualStudioVersion = 17.9.34607.119
MinimumVisualStudioVersion = 10.0.40219.1
Project("{FAE04EC0-301F-11D3-BF4B-00C04F79EFBC}") = "todolist", "todolist\todolist.csproj", "{66F14FB4-8BB7-42F4-9633-C154B32E7E19}"
EndProject
Global
	GlobalSection(SolutionConfigurationPlatforms) = preSolution
		Debug|Any CPU = Debug|Any CPU
		Release|Any CPU = Release|Any CPU
	EndGlobalSection
	GlobalSection(ProjectConfigurationPlatforms) = postSolution
		{66F14FB4-8BB7-42F4-9633-C154B32E7E19}.Debug|Any CPU.ActiveCfg = Debug|Any CPU
		{66F14FB4-8BB7-42F4-9633-C154B32E7E19}.Debug|Any CPU.Build.0 = Debug|Any CPU
		{66F14FB4-8BB7-42F4-9633-C154B32E7E19}.Release|Any CPU.ActiveCfg = Release|Any CPU
		{66F14FB4-8BB7-42F4-9633-C154B32E7E19}.Release|Any CPU.Build.0 = Release|Any CPU
	EndGlobalSection
	GlobalSection(SolutionProperties) = preSolution
		HideSolutionNode = FALSE
	EndGlobalSection
	GlobalSection(ExtensibilityGlobals) = postSolution
		SolutionGuid = {2B7490D7-7A66-4AC1-B76C-9ABB16726D75}
	EndGlobalSection
EndGlobal
